// !$*UTF8*$!
{
	archiveVersion = 1;
	classes = {
	};
	objectVersion = 55;
	objects = {

/* Begin PBXBuildFile section */
		5428D13B28661F71009AFCD2 /* Launch Screen.storyboard in Resources */ = {isa = PBXBuildFile; fileRef = 5428D13A28661F71009AFCD2 /* Launch Screen.storyboard */; };
		5428D13E28664CBF009AFCD2 /* PresentationDemo.swift in Sources */ = {isa = PBXBuildFile; fileRef = 5428D13D28664CBF009AFCD2 /* PresentationDemo.swift */; };
		5428D13F28664CBF009AFCD2 /* PresentationDemo.swift in Sources */ = {isa = PBXBuildFile; fileRef = 5428D13D28664CBF009AFCD2 /* PresentationDemo.swift */; };
		5428D1442866504D009AFCD2 /* Chevron.swift in Sources */ = {isa = PBXBuildFile; fileRef = 5428D1432866504D009AFCD2 /* Chevron.swift */; };
		5428D1452866504D009AFCD2 /* Chevron.swift in Sources */ = {isa = PBXBuildFile; fileRef = 5428D1432866504D009AFCD2 /* Chevron.swift */; };
		5428D14A286654A6009AFCD2 /* Checkmark.swift in Sources */ = {isa = PBXBuildFile; fileRef = 5428D149286654A6009AFCD2 /* Checkmark.swift */; };
		5428D14B286654A6009AFCD2 /* Checkmark.swift in Sources */ = {isa = PBXBuildFile; fileRef = 5428D149286654A6009AFCD2 /* Checkmark.swift */; };
		5428D153286678B7009AFCD2 /* AppStorageDemo.swift in Sources */ = {isa = PBXBuildFile; fileRef = 5428D152286678B7009AFCD2 /* AppStorageDemo.swift */; };
		5428D154286678B7009AFCD2 /* AppStorageDemo.swift in Sources */ = {isa = PBXBuildFile; fileRef = 5428D152286678B7009AFCD2 /* AppStorageDemo.swift */; };
		5428D15628668485009AFCD2 /* RefreshableDemo.swift in Sources */ = {isa = PBXBuildFile; fileRef = 5428D15528668485009AFCD2 /* RefreshableDemo.swift */; };
		5428D15728668485009AFCD2 /* RefreshableDemo.swift in Sources */ = {isa = PBXBuildFile; fileRef = 5428D15528668485009AFCD2 /* RefreshableDemo.swift */; };
		5428D159286685E9009AFCD2 /* Progress.swift in Sources */ = {isa = PBXBuildFile; fileRef = 5428D158286685E9009AFCD2 /* Progress.swift */; };
		5428D15A286685E9009AFCD2 /* Progress.swift in Sources */ = {isa = PBXBuildFile; fileRef = 5428D158286685E9009AFCD2 /* Progress.swift */; };
		5428D15C28668A02009AFCD2 /* ScaledMetricDemo.swift in Sources */ = {isa = PBXBuildFile; fileRef = 5428D15B28668A02009AFCD2 /* ScaledMetricDemo.swift */; };
		5428D15E28668AFF009AFCD2 /* ScaledMetricDemo.swift in Sources */ = {isa = PBXBuildFile; fileRef = 5428D15B28668A02009AFCD2 /* ScaledMetricDemo.swift */; };
		5428D161286695AC009AFCD2 /* FittingGeometryReaderDemo.swift in Sources */ = {isa = PBXBuildFile; fileRef = 5428D160286695AC009AFCD2 /* FittingGeometryReaderDemo.swift */; };
		5428D162286695B0009AFCD2 /* FittingGeometryReaderDemo.swift in Sources */ = {isa = PBXBuildFile; fileRef = 5428D160286695AC009AFCD2 /* FittingGeometryReaderDemo.swift */; };
		5428D164286695BC009AFCD2 /* FittingScrollViewDemo.swift in Sources */ = {isa = PBXBuildFile; fileRef = 5428D163286695BC009AFCD2 /* FittingScrollViewDemo.swift */; };
		5428D165286695BC009AFCD2 /* FittingScrollViewDemo.swift in Sources */ = {isa = PBXBuildFile; fileRef = 5428D163286695BC009AFCD2 /* FittingScrollViewDemo.swift */; };
		543F19D2286DEED000518DB2 /* StateObjectDemo.swift in Sources */ = {isa = PBXBuildFile; fileRef = 543F19D1286DEED000518DB2 /* StateObjectDemo.swift */; };
		543F19D3286DEED000518DB2 /* StateObjectDemo.swift in Sources */ = {isa = PBXBuildFile; fileRef = 543F19D1286DEED000518DB2 /* StateObjectDemo.swift */; };
		543F19D7286E00EA00518DB2 /* HostingDemo.swift in Sources */ = {isa = PBXBuildFile; fileRef = 543F19D6286E00EA00518DB2 /* HostingDemo.swift */; };
		545530A928660AFD00BA482D /* DemoApp.swift in Sources */ = {isa = PBXBuildFile; fileRef = 5455309928660AFC00BA482D /* DemoApp.swift */; };
		545530AA28660AFD00BA482D /* DemoApp.swift in Sources */ = {isa = PBXBuildFile; fileRef = 5455309928660AFC00BA482D /* DemoApp.swift */; };
		545530AD28660AFD00BA482D /* Assets.xcassets in Resources */ = {isa = PBXBuildFile; fileRef = 5455309B28660AFD00BA482D /* Assets.xcassets */; };
		545530AE28660AFD00BA482D /* Assets.xcassets in Resources */ = {isa = PBXBuildFile; fileRef = 5455309B28660AFD00BA482D /* Assets.xcassets */; };
		5496022F2873267700C96E44 /* RequestReviewDemo.swift in Sources */ = {isa = PBXBuildFile; fileRef = 5496022E2873267700C96E44 /* RequestReviewDemo.swift */; };
		549602302873267700C96E44 /* RequestReviewDemo.swift in Sources */ = {isa = PBXBuildFile; fileRef = 5496022E2873267700C96E44 /* RequestReviewDemo.swift */; };
		54AB053F286AE5FF00C9FB4A /* NavigationDemo.swift in Sources */ = {isa = PBXBuildFile; fileRef = 54AB053E286AE5FF00C9FB4A /* NavigationDemo.swift */; };
		54AB0540286AE5FF00C9FB4A /* NavigationDemo.swift in Sources */ = {isa = PBXBuildFile; fileRef = 54AB053E286AE5FF00C9FB4A /* NavigationDemo.swift */; };
		54AB0544286AF1E900C9FB4A /* SwiftUIBackports in Frameworks */ = {isa = PBXBuildFile; productRef = 54AB0543286AF1E900C9FB4A /* SwiftUIBackports */; };
		54AB0546286AF20300C9FB4A /* SwiftUIBackports in Frameworks */ = {isa = PBXBuildFile; productRef = 54AB0545286AF20300C9FB4A /* SwiftUIBackports */; };
		54AB0549286AF7E900C9FB4A /* AsyncImageDemo.swift in Sources */ = {isa = PBXBuildFile; fileRef = 54AB0548286AF7E900C9FB4A /* AsyncImageDemo.swift */; };
		54AB054A286AF7E900C9FB4A /* AsyncImageDemo.swift in Sources */ = {isa = PBXBuildFile; fileRef = 54AB0548286AF7E900C9FB4A /* AsyncImageDemo.swift */; };
		54AB054E286B0C5A00C9FB4A /* ProgressDemo.swift in Sources */ = {isa = PBXBuildFile; fileRef = 54AB054D286B0C5A00C9FB4A /* ProgressDemo.swift */; };
		54AB054F286B0C5A00C9FB4A /* ProgressDemo.swift in Sources */ = {isa = PBXBuildFile; fileRef = 54AB054D286B0C5A00C9FB4A /* ProgressDemo.swift */; };
		54AB0553286B0DA700C9FB4A /* Titled.swift in Sources */ = {isa = PBXBuildFile; fileRef = 54AB0550286B0D6300C9FB4A /* Titled.swift */; };
		54AB0554286B0DA700C9FB4A /* Titled.swift in Sources */ = {isa = PBXBuildFile; fileRef = 54AB0550286B0D6300C9FB4A /* Titled.swift */; };
		54FEADAF286D9E6A0079AC74 /* LabelDemo.swift in Sources */ = {isa = PBXBuildFile; fileRef = 54FEADAE286D9E6A0079AC74 /* LabelDemo.swift */; };
		54FEADB0286D9E6A0079AC74 /* LabelDemo.swift in Sources */ = {isa = PBXBuildFile; fileRef = 54FEADAE286D9E6A0079AC74 /* LabelDemo.swift */; };
/* End PBXBuildFile section */

/* Begin PBXFileReference section */
		5428D13A28661F71009AFCD2 /* Launch Screen.storyboard */ = {isa = PBXFileReference; lastKnownFileType = file.storyboard; path = "Launch Screen.storyboard"; sourceTree = "<group>"; };
		5428D13D28664CBF009AFCD2 /* PresentationDemo.swift */ = {isa = PBXFileReference; lastKnownFileType = sourcecode.swift; path = PresentationDemo.swift; sourceTree = "<group>"; };
		5428D1432866504D009AFCD2 /* Chevron.swift */ = {isa = PBXFileReference; lastKnownFileType = sourcecode.swift; path = Chevron.swift; sourceTree = "<group>"; };
		5428D149286654A6009AFCD2 /* Checkmark.swift */ = {isa = PBXFileReference; lastKnownFileType = sourcecode.swift; path = Checkmark.swift; sourceTree = "<group>"; };
		5428D14C286663C1009AFCD2 /* Demo--iOS--Info.plist */ = {isa = PBXFileReference; lastKnownFileType = text.plist.xml; path = "Demo--iOS--Info.plist"; sourceTree = "<group>"; };
		5428D152286678B7009AFCD2 /* AppStorageDemo.swift */ = {isa = PBXFileReference; lastKnownFileType = sourcecode.swift; path = AppStorageDemo.swift; sourceTree = "<group>"; };
		5428D15528668485009AFCD2 /* RefreshableDemo.swift */ = {isa = PBXFileReference; lastKnownFileType = sourcecode.swift; path = RefreshableDemo.swift; sourceTree = "<group>"; };
		5428D158286685E9009AFCD2 /* Progress.swift */ = {isa = PBXFileReference; lastKnownFileType = sourcecode.swift; path = Progress.swift; sourceTree = "<group>"; };
		5428D15B28668A02009AFCD2 /* ScaledMetricDemo.swift */ = {isa = PBXFileReference; lastKnownFileType = sourcecode.swift; path = ScaledMetricDemo.swift; sourceTree = "<group>"; };
		5428D160286695AC009AFCD2 /* FittingGeometryReaderDemo.swift */ = {isa = PBXFileReference; lastKnownFileType = sourcecode.swift; path = FittingGeometryReaderDemo.swift; sourceTree = "<group>"; };
		5428D163286695BC009AFCD2 /* FittingScrollViewDemo.swift */ = {isa = PBXFileReference; lastKnownFileType = sourcecode.swift; path = FittingScrollViewDemo.swift; sourceTree = "<group>"; };
		542DE01B286DDEE200D9107A /* Demo--macOS--Info.plist */ = {isa = PBXFileReference; lastKnownFileType = text.plist.xml; path = "Demo--macOS--Info.plist"; sourceTree = "<group>"; };
		543F19D1286DEED000518DB2 /* StateObjectDemo.swift */ = {isa = PBXFileReference; lastKnownFileType = sourcecode.swift; path = StateObjectDemo.swift; sourceTree = "<group>"; };
		543F19D6286E00EA00518DB2 /* HostingDemo.swift */ = {isa = PBXFileReference; lastKnownFileType = sourcecode.swift; path = HostingDemo.swift; sourceTree = "<group>"; };
		5455309928660AFC00BA482D /* DemoApp.swift */ = {isa = PBXFileReference; lastKnownFileType = sourcecode.swift; path = DemoApp.swift; sourceTree = "<group>"; };
		5455309B28660AFD00BA482D /* Assets.xcassets */ = {isa = PBXFileReference; lastKnownFileType = folder.assetcatalog; path = Assets.xcassets; sourceTree = "<group>"; };
		545530A028660AFD00BA482D /* BackportsDemo.app */ = {isa = PBXFileReference; explicitFileType = wrapper.application; includeInIndex = 0; path = BackportsDemo.app; sourceTree = BUILT_PRODUCTS_DIR; };
		545530A628660AFD00BA482D /* BackportsDemo.app */ = {isa = PBXFileReference; explicitFileType = wrapper.application; includeInIndex = 0; path = BackportsDemo.app; sourceTree = BUILT_PRODUCTS_DIR; };
		545530A828660AFD00BA482D /* macOS.entitlements */ = {isa = PBXFileReference; lastKnownFileType = text.plist.entitlements; path = macOS.entitlements; sourceTree = "<group>"; };
		5496022E2873267700C96E44 /* RequestReviewDemo.swift */ = {isa = PBXFileReference; lastKnownFileType = sourcecode.swift; path = RequestReviewDemo.swift; sourceTree = "<group>"; };
		54A7E528286E8BDF00E195AD /* SwiftUIBackports */ = {isa = PBXFileReference; lastKnownFileType = wrapper; name = SwiftUIBackports; path = ../SwiftUIBackports; sourceTree = "<group>"; };
		54AB053E286AE5FF00C9FB4A /* NavigationDemo.swift */ = {isa = PBXFileReference; lastKnownFileType = sourcecode.swift; path = NavigationDemo.swift; sourceTree = "<group>"; };
		54AB0548286AF7E900C9FB4A /* AsyncImageDemo.swift */ = {isa = PBXFileReference; lastKnownFileType = sourcecode.swift; path = AsyncImageDemo.swift; sourceTree = "<group>"; };
		54AB054D286B0C5A00C9FB4A /* ProgressDemo.swift */ = {isa = PBXFileReference; lastKnownFileType = sourcecode.swift; path = ProgressDemo.swift; sourceTree = "<group>"; };
		54AB0550286B0D6300C9FB4A /* Titled.swift */ = {isa = PBXFileReference; lastKnownFileType = sourcecode.swift; path = Titled.swift; sourceTree = "<group>"; };
		54FEADAE286D9E6A0079AC74 /* LabelDemo.swift */ = {isa = PBXFileReference; lastKnownFileType = sourcecode.swift; path = LabelDemo.swift; sourceTree = "<group>"; };
/* End PBXFileReference section */

/* Begin PBXFrameworksBuildPhase section */
		5455309D28660AFD00BA482D /* Frameworks */ = {
			isa = PBXFrameworksBuildPhase;
			buildActionMask = 2147483647;
			files = (
				54AB0546286AF20300C9FB4A /* SwiftUIBackports in Frameworks */,
			);
			runOnlyForDeploymentPostprocessing = 0;
		};
		545530A328660AFD00BA482D /* Frameworks */ = {
			isa = PBXFrameworksBuildPhase;
			buildActionMask = 2147483647;
			files = (
				54AB0544286AF1E900C9FB4A /* SwiftUIBackports in Frameworks */,
			);
			runOnlyForDeploymentPostprocessing = 0;
		};
/* End PBXFrameworksBuildPhase section */

/* Begin PBXGroup section */
		5428D146286650BA009AFCD2 /* Views */ = {
			isa = PBXGroup;
			children = (
				5428D1432866504D009AFCD2 /* Chevron.swift */,
				54AB0550286B0D6300C9FB4A /* Titled.swift */,
				5428D149286654A6009AFCD2 /* Checkmark.swift */,
				5428D158286685E9009AFCD2 /* Progress.swift */,
			);
			path = Views;
			sourceTree = "<group>";
		};
		5428D147286650C0009AFCD2 /* Backport Demos */ = {
			isa = PBXGroup;
			children = (
				5428D152286678B7009AFCD2 /* AppStorageDemo.swift */,
				54AB0548286AF7E900C9FB4A /* AsyncImageDemo.swift */,
				54FEADAE286D9E6A0079AC74 /* LabelDemo.swift */,
				54AB053E286AE5FF00C9FB4A /* NavigationDemo.swift */,
				5428D13D28664CBF009AFCD2 /* PresentationDemo.swift */,
				54AB054D286B0C5A00C9FB4A /* ProgressDemo.swift */,
				5496022E2873267700C96E44 /* RequestReviewDemo.swift */,
				5428D15528668485009AFCD2 /* RefreshableDemo.swift */,
				5428D15B28668A02009AFCD2 /* ScaledMetricDemo.swift */,
				543F19D1286DEED000518DB2 /* StateObjectDemo.swift */,
			);
			path = "Backport Demos";
			sourceTree = "<group>";
		};
		5428D14828665102009AFCD2 /* Resources */ = {
			isa = PBXGroup;
			children = (
				5455309B28660AFD00BA482D /* Assets.xcassets */,
				5428D13A28661F71009AFCD2 /* Launch Screen.storyboard */,
			);
			path = Resources;
			sourceTree = "<group>";
		};
		5428D14D28666D5B009AFCD2 /* iOS */ = {
			isa = PBXGroup;
			children = (
				543F19D5286E00DF00518DB2 /* Backport Demos */,
				5428D14C286663C1009AFCD2 /* Demo--iOS--Info.plist */,
			);
			path = iOS;
			sourceTree = "<group>";
		};
		5428D15F2866958D009AFCD2 /* Extras Demos */ = {
			isa = PBXGroup;
			children = (
				5428D160286695AC009AFCD2 /* FittingGeometryReaderDemo.swift */,
				5428D163286695BC009AFCD2 /* FittingScrollViewDemo.swift */,
			);
			path = "Extras Demos";
			sourceTree = "<group>";
		};
		543F19D5286E00DF00518DB2 /* Backport Demos */ = {
			isa = PBXGroup;
			children = (
				543F19D6286E00EA00518DB2 /* HostingDemo.swift */,
			);
			path = "Backport Demos";
			sourceTree = "<group>";
		};
		5455309328660AFC00BA482D = {
			isa = PBXGroup;
			children = (
				54A7E528286E8BDF00E195AD /* SwiftUIBackports */,
				5455309828660AFC00BA482D /* Shared */,
				5428D14D28666D5B009AFCD2 /* iOS */,
				545530A728660AFD00BA482D /* macOS */,
				545530A128660AFD00BA482D /* Products */,
				545530B828660B2100BA482D /* Frameworks */,
			);
			sourceTree = "<group>";
		};
		5455309828660AFC00BA482D /* Shared */ = {
			isa = PBXGroup;
			children = (
				5428D14828665102009AFCD2 /* Resources */,
				5428D146286650BA009AFCD2 /* Views */,
				5428D147286650C0009AFCD2 /* Backport Demos */,
				5428D15F2866958D009AFCD2 /* Extras Demos */,
				5455309928660AFC00BA482D /* DemoApp.swift */,
			);
			path = Shared;
			sourceTree = "<group>";
		};
		545530A128660AFD00BA482D /* Products */ = {
			isa = PBXGroup;
			children = (
				545530A028660AFD00BA482D /* BackportsDemo.app */,
				545530A628660AFD00BA482D /* BackportsDemo.app */,
			);
			name = Products;
			sourceTree = "<group>";
		};
		545530A728660AFD00BA482D /* macOS */ = {
			isa = PBXGroup;
			children = (
				542DE01B286DDEE200D9107A /* Demo--macOS--Info.plist */,
				545530A828660AFD00BA482D /* macOS.entitlements */,
			);
			path = macOS;
			sourceTree = "<group>";
		};
		545530B828660B2100BA482D /* Frameworks */ = {
			isa = PBXGroup;
			children = (
			);
			name = Frameworks;
			sourceTree = "<group>";
		};
/* End PBXGroup section */

/* Begin PBXNativeTarget section */
		5455309F28660AFD00BA482D /* Demo (iOS) */ = {
			isa = PBXNativeTarget;
			buildConfigurationList = 545530B128660AFD00BA482D /* Build configuration list for PBXNativeTarget "Demo (iOS)" */;
			buildPhases = (
				5455309C28660AFD00BA482D /* Sources */,
				5455309D28660AFD00BA482D /* Frameworks */,
				5455309E28660AFD00BA482D /* Resources */,
			);
			buildRules = (
			);
			dependencies = (
			);
			name = "Demo (iOS)";
			packageProductDependencies = (
				54AB0545286AF20300C9FB4A /* SwiftUIBackports */,
			);
			productName = "SwiftUIBackportsDemo (iOS)";
			productReference = 545530A028660AFD00BA482D /* BackportsDemo.app */;
			productType = "com.apple.product-type.application";
		};
		545530A528660AFD00BA482D /* Demo (macOS) */ = {
			isa = PBXNativeTarget;
			buildConfigurationList = 545530B428660AFD00BA482D /* Build configuration list for PBXNativeTarget "Demo (macOS)" */;
			buildPhases = (
				545530A228660AFD00BA482D /* Sources */,
				545530A328660AFD00BA482D /* Frameworks */,
				545530A428660AFD00BA482D /* Resources */,
			);
			buildRules = (
			);
			dependencies = (
			);
			name = "Demo (macOS)";
			packageProductDependencies = (
				54AB0543286AF1E900C9FB4A /* SwiftUIBackports */,
			);
			productName = "SwiftUIBackportsDemo (macOS)";
			productReference = 545530A628660AFD00BA482D /* BackportsDemo.app */;
			productType = "com.apple.product-type.application";
		};
/* End PBXNativeTarget section */

/* Begin PBXProject section */
		5455309428660AFC00BA482D /* Project object */ = {
			isa = PBXProject;
			attributes = {
				BuildIndependentTargetsInParallel = 1;
				LastSwiftUpdateCheck = 1340;
				LastUpgradeCheck = 1400;
				TargetAttributes = {
					5455309F28660AFD00BA482D = {
						CreatedOnToolsVersion = 13.4.1;
					};
					545530A528660AFD00BA482D = {
						CreatedOnToolsVersion = 13.4.1;
					};
				};
			};
			buildConfigurationList = 5455309728660AFC00BA482D /* Build configuration list for PBXProject "BackportsDemo" */;
			compatibilityVersion = "Xcode 13.0";
			developmentRegion = en;
			hasScannedForEncodings = 0;
			knownRegions = (
				en,
				Base,
			);
			mainGroup = 5455309328660AFC00BA482D;
			packageReferences = (
				5428D14E28667330009AFCD2 /* XCRemoteSwiftPackageReference "swiftuibackports" */,
			);
			productRefGroup = 545530A128660AFD00BA482D /* Products */;
			projectDirPath = "";
			projectRoot = "";
			targets = (
				5455309F28660AFD00BA482D /* Demo (iOS) */,
				545530A528660AFD00BA482D /* Demo (macOS) */,
			);
		};
/* End PBXProject section */

/* Begin PBXResourcesBuildPhase section */
		5455309E28660AFD00BA482D /* Resources */ = {
			isa = PBXResourcesBuildPhase;
			buildActionMask = 2147483647;
			files = (
				5428D13B28661F71009AFCD2 /* Launch Screen.storyboard in Resources */,
				545530AD28660AFD00BA482D /* Assets.xcassets in Resources */,
			);
			runOnlyForDeploymentPostprocessing = 0;
		};
		545530A428660AFD00BA482D /* Resources */ = {
			isa = PBXResourcesBuildPhase;
			buildActionMask = 2147483647;
			files = (
				545530AE28660AFD00BA482D /* Assets.xcassets in Resources */,
			);
			runOnlyForDeploymentPostprocessing = 0;
		};
/* End PBXResourcesBuildPhase section */

/* Begin PBXSourcesBuildPhase section */
		5455309C28660AFD00BA482D /* Sources */ = {
			isa = PBXSourcesBuildPhase;
			buildActionMask = 2147483647;
			files = (
				5428D14A286654A6009AFCD2 /* Checkmark.swift in Sources */,
				54FEADAF286D9E6A0079AC74 /* LabelDemo.swift in Sources */,
				5428D164286695BC009AFCD2 /* FittingScrollViewDemo.swift in Sources */,
				5428D13E28664CBF009AFCD2 /* PresentationDemo.swift in Sources */,
				545530A928660AFD00BA482D /* DemoApp.swift in Sources */,
				5428D159286685E9009AFCD2 /* Progress.swift in Sources */,
				5428D153286678B7009AFCD2 /* AppStorageDemo.swift in Sources */,
				54AB053F286AE5FF00C9FB4A /* NavigationDemo.swift in Sources */,
				5428D15628668485009AFCD2 /* RefreshableDemo.swift in Sources */,
				543F19D7286E00EA00518DB2 /* HostingDemo.swift in Sources */,
				5428D15C28668A02009AFCD2 /* ScaledMetricDemo.swift in Sources */,
				54AB0549286AF7E900C9FB4A /* AsyncImageDemo.swift in Sources */,
				5428D161286695AC009AFCD2 /* FittingGeometryReaderDemo.swift in Sources */,
				5428D1442866504D009AFCD2 /* Chevron.swift in Sources */,
				5496022F2873267700C96E44 /* RequestReviewDemo.swift in Sources */,
				543F19D2286DEED000518DB2 /* StateObjectDemo.swift in Sources */,
				54AB054E286B0C5A00C9FB4A /* ProgressDemo.swift in Sources */,
				54AB0553286B0DA700C9FB4A /* Titled.swift in Sources */,
			);
			runOnlyForDeploymentPostprocessing = 0;
		};
		545530A228660AFD00BA482D /* Sources */ = {
			isa = PBXSourcesBuildPhase;
			buildActionMask = 2147483647;
			files = (
				549602302873267700C96E44 /* RequestReviewDemo.swift in Sources */,
				5428D14B286654A6009AFCD2 /* Checkmark.swift in Sources */,
				54FEADB0286D9E6A0079AC74 /* LabelDemo.swift in Sources */,
				5428D165286695BC009AFCD2 /* FittingScrollViewDemo.swift in Sources */,
				5428D13F28664CBF009AFCD2 /* PresentationDemo.swift in Sources */,
				545530AA28660AFD00BA482D /* DemoApp.swift in Sources */,
				5428D15A286685E9009AFCD2 /* Progress.swift in Sources */,
				5428D154286678B7009AFCD2 /* AppStorageDemo.swift in Sources */,
				54AB0540286AE5FF00C9FB4A /* NavigationDemo.swift in Sources */,
				5428D15728668485009AFCD2 /* RefreshableDemo.swift in Sources */,
				5428D15E28668AFF009AFCD2 /* ScaledMetricDemo.swift in Sources */,
				54AB054A286AF7E900C9FB4A /* AsyncImageDemo.swift in Sources */,
				5428D162286695B0009AFCD2 /* FittingGeometryReaderDemo.swift in Sources */,
				5428D1452866504D009AFCD2 /* Chevron.swift in Sources */,
				543F19D3286DEED000518DB2 /* StateObjectDemo.swift in Sources */,
				54AB054F286B0C5A00C9FB4A /* ProgressDemo.swift in Sources */,
				54AB0554286B0DA700C9FB4A /* Titled.swift in Sources */,
			);
			runOnlyForDeploymentPostprocessing = 0;
		};
/* End PBXSourcesBuildPhase section */

/* Begin XCBuildConfiguration section */
		545530AF28660AFD00BA482D /* Debug */ = {
			isa = XCBuildConfiguration;
			buildSettings = {
				ALWAYS_SEARCH_USER_PATHS = NO;
				CLANG_ANALYZER_NONNULL = YES;
				CLANG_ANALYZER_NUMBER_OBJECT_CONVERSION = YES_AGGRESSIVE;
				CLANG_CXX_LANGUAGE_STANDARD = "gnu++17";
				CLANG_ENABLE_MODULES = YES;
				CLANG_ENABLE_OBJC_ARC = YES;
				CLANG_ENABLE_OBJC_WEAK = YES;
				CLANG_WARN_BLOCK_CAPTURE_AUTORELEASING = YES;
				CLANG_WARN_BOOL_CONVERSION = YES;
				CLANG_WARN_COMMA = YES;
				CLANG_WARN_CONSTANT_CONVERSION = YES;
				CLANG_WARN_DEPRECATED_OBJC_IMPLEMENTATIONS = YES;
				CLANG_WARN_DIRECT_OBJC_ISA_USAGE = YES_ERROR;
				CLANG_WARN_DOCUMENTATION_COMMENTS = YES;
				CLANG_WARN_EMPTY_BODY = YES;
				CLANG_WARN_ENUM_CONVERSION = YES;
				CLANG_WARN_INFINITE_RECURSION = YES;
				CLANG_WARN_INT_CONVERSION = YES;
				CLANG_WARN_NON_LITERAL_NULL_CONVERSION = YES;
				CLANG_WARN_OBJC_IMPLICIT_RETAIN_SELF = YES;
				CLANG_WARN_OBJC_LITERAL_CONVERSION = YES;
				CLANG_WARN_OBJC_ROOT_CLASS = YES_ERROR;
				CLANG_WARN_QUOTED_INCLUDE_IN_FRAMEWORK_HEADER = YES;
				CLANG_WARN_RANGE_LOOP_ANALYSIS = YES;
				CLANG_WARN_STRICT_PROTOTYPES = YES;
				CLANG_WARN_SUSPICIOUS_MOVE = YES;
				CLANG_WARN_UNGUARDED_AVAILABILITY = YES_AGGRESSIVE;
				CLANG_WARN_UNREACHABLE_CODE = YES;
				CLANG_WARN__DUPLICATE_METHOD_MATCH = YES;
				COPY_PHASE_STRIP = NO;
				DEAD_CODE_STRIPPING = YES;
				DEBUG_INFORMATION_FORMAT = dwarf;
				ENABLE_STRICT_OBJC_MSGSEND = YES;
				ENABLE_TESTABILITY = YES;
				GCC_C_LANGUAGE_STANDARD = gnu11;
				GCC_DYNAMIC_NO_PIC = NO;
				GCC_NO_COMMON_BLOCKS = YES;
				GCC_OPTIMIZATION_LEVEL = 0;
				GCC_PREPROCESSOR_DEFINITIONS = (
					"DEBUG=1",
					"$(inherited)",
				);
				GCC_WARN_64_TO_32_BIT_CONVERSION = YES;
				GCC_WARN_ABOUT_RETURN_TYPE = YES_ERROR;
				GCC_WARN_UNDECLARED_SELECTOR = YES;
				GCC_WARN_UNINITIALIZED_AUTOS = YES_AGGRESSIVE;
				GCC_WARN_UNUSED_FUNCTION = YES;
				GCC_WARN_UNUSED_VARIABLE = YES;
				MTL_ENABLE_DEBUG_INFO = INCLUDE_SOURCE;
				MTL_FAST_MATH = YES;
				ONLY_ACTIVE_ARCH = YES;
				SWIFT_ACTIVE_COMPILATION_CONDITIONS = DEBUG;
				SWIFT_OPTIMIZATION_LEVEL = "-Onone";
			};
			name = Debug;
		};
		545530B028660AFD00BA482D /* Release */ = {
			isa = XCBuildConfiguration;
			buildSettings = {
				ALWAYS_SEARCH_USER_PATHS = NO;
				CLANG_ANALYZER_NONNULL = YES;
				CLANG_ANALYZER_NUMBER_OBJECT_CONVERSION = YES_AGGRESSIVE;
				CLANG_CXX_LANGUAGE_STANDARD = "gnu++17";
				CLANG_ENABLE_MODULES = YES;
				CLANG_ENABLE_OBJC_ARC = YES;
				CLANG_ENABLE_OBJC_WEAK = YES;
				CLANG_WARN_BLOCK_CAPTURE_AUTORELEASING = YES;
				CLANG_WARN_BOOL_CONVERSION = YES;
				CLANG_WARN_COMMA = YES;
				CLANG_WARN_CONSTANT_CONVERSION = YES;
				CLANG_WARN_DEPRECATED_OBJC_IMPLEMENTATIONS = YES;
				CLANG_WARN_DIRECT_OBJC_ISA_USAGE = YES_ERROR;
				CLANG_WARN_DOCUMENTATION_COMMENTS = YES;
				CLANG_WARN_EMPTY_BODY = YES;
				CLANG_WARN_ENUM_CONVERSION = YES;
				CLANG_WARN_INFINITE_RECURSION = YES;
				CLANG_WARN_INT_CONVERSION = YES;
				CLANG_WARN_NON_LITERAL_NULL_CONVERSION = YES;
				CLANG_WARN_OBJC_IMPLICIT_RETAIN_SELF = YES;
				CLANG_WARN_OBJC_LITERAL_CONVERSION = YES;
				CLANG_WARN_OBJC_ROOT_CLASS = YES_ERROR;
				CLANG_WARN_QUOTED_INCLUDE_IN_FRAMEWORK_HEADER = YES;
				CLANG_WARN_RANGE_LOOP_ANALYSIS = YES;
				CLANG_WARN_STRICT_PROTOTYPES = YES;
				CLANG_WARN_SUSPICIOUS_MOVE = YES;
				CLANG_WARN_UNGUARDED_AVAILABILITY = YES_AGGRESSIVE;
				CLANG_WARN_UNREACHABLE_CODE = YES;
				CLANG_WARN__DUPLICATE_METHOD_MATCH = YES;
				COPY_PHASE_STRIP = NO;
				DEAD_CODE_STRIPPING = YES;
				DEBUG_INFORMATION_FORMAT = "dwarf-with-dsym";
				ENABLE_NS_ASSERTIONS = NO;
				ENABLE_STRICT_OBJC_MSGSEND = YES;
				GCC_C_LANGUAGE_STANDARD = gnu11;
				GCC_NO_COMMON_BLOCKS = YES;
				GCC_WARN_64_TO_32_BIT_CONVERSION = YES;
				GCC_WARN_ABOUT_RETURN_TYPE = YES_ERROR;
				GCC_WARN_UNDECLARED_SELECTOR = YES;
				GCC_WARN_UNINITIALIZED_AUTOS = YES_AGGRESSIVE;
				GCC_WARN_UNUSED_FUNCTION = YES;
				GCC_WARN_UNUSED_VARIABLE = YES;
				MTL_ENABLE_DEBUG_INFO = NO;
				MTL_FAST_MATH = YES;
				SWIFT_COMPILATION_MODE = wholemodule;
				SWIFT_OPTIMIZATION_LEVEL = "-O";
			};
			name = Release;
		};
		545530B228660AFD00BA482D /* Debug */ = {
			isa = XCBuildConfiguration;
			buildSettings = {
				ASSETCATALOG_COMPILER_APPICON_NAME = AppIcon;
				ASSETCATALOG_COMPILER_GLOBAL_ACCENT_COLOR_NAME = AccentColor;
				CODE_SIGN_STYLE = Automatic;
				CURRENT_PROJECT_VERSION = 1;
				DEVELOPMENT_TEAM = V2CWYL9AN8;
				ENABLE_PREVIEWS = YES;
				GENERATE_INFOPLIST_FILE = YES;
				INFOPLIST_FILE = "iOS/Demo--iOS--Info.plist";
				INFOPLIST_KEY_CFBundleDisplayName = "SwiftUI Backports";
				INFOPLIST_KEY_UIApplicationSceneManifest_Generation = YES;
				INFOPLIST_KEY_UIApplicationSupportsIndirectInputEvents = YES;
				INFOPLIST_KEY_UILaunchStoryboardName = "Launch Screen.storyboard";
				INFOPLIST_KEY_UISupportedInterfaceOrientations_iPad = "UIInterfaceOrientationPortrait UIInterfaceOrientationPortraitUpsideDown UIInterfaceOrientationLandscapeLeft UIInterfaceOrientationLandscapeRight";
				INFOPLIST_KEY_UISupportedInterfaceOrientations_iPhone = "UIInterfaceOrientationPortrait UIInterfaceOrientationLandscapeLeft UIInterfaceOrientationLandscapeRight";
				IPHONEOS_DEPLOYMENT_TARGET = 13.4;
				LD_RUNPATH_SEARCH_PATHS = (
					"$(inherited)",
					"@executable_path/Frameworks",
				);
				MARKETING_VERSION = 1.0;
				PRODUCT_BUNDLE_IDENTIFIER = com.benkau.SwiftUIBackportsDemo;
				PRODUCT_NAME = BackportsDemo;
				SDKROOT = iphoneos;
				SWIFT_EMIT_LOC_STRINGS = YES;
				SWIFT_VERSION = 5.0;
				TARGETED_DEVICE_FAMILY = "1,2";
			};
			name = Debug;
		};
		545530B328660AFD00BA482D /* Release */ = {
			isa = XCBuildConfiguration;
			buildSettings = {
				ASSETCATALOG_COMPILER_APPICON_NAME = AppIcon;
				ASSETCATALOG_COMPILER_GLOBAL_ACCENT_COLOR_NAME = AccentColor;
				CODE_SIGN_STYLE = Automatic;
				CURRENT_PROJECT_VERSION = 1;
				DEVELOPMENT_TEAM = V2CWYL9AN8;
				ENABLE_PREVIEWS = YES;
				GENERATE_INFOPLIST_FILE = YES;
				INFOPLIST_FILE = "iOS/Demo--iOS--Info.plist";
				INFOPLIST_KEY_CFBundleDisplayName = "SwiftUI Backports";
				INFOPLIST_KEY_UIApplicationSceneManifest_Generation = YES;
				INFOPLIST_KEY_UIApplicationSupportsIndirectInputEvents = YES;
				INFOPLIST_KEY_UILaunchStoryboardName = "Launch Screen.storyboard";
				INFOPLIST_KEY_UISupportedInterfaceOrientations_iPad = "UIInterfaceOrientationPortrait UIInterfaceOrientationPortraitUpsideDown UIInterfaceOrientationLandscapeLeft UIInterfaceOrientationLandscapeRight";
				INFOPLIST_KEY_UISupportedInterfaceOrientations_iPhone = "UIInterfaceOrientationPortrait UIInterfaceOrientationLandscapeLeft UIInterfaceOrientationLandscapeRight";
				IPHONEOS_DEPLOYMENT_TARGET = 13.4;
				LD_RUNPATH_SEARCH_PATHS = (
					"$(inherited)",
					"@executable_path/Frameworks",
				);
				MARKETING_VERSION = 1.0;
				PRODUCT_BUNDLE_IDENTIFIER = com.benkau.SwiftUIBackportsDemo;
				PRODUCT_NAME = BackportsDemo;
				SDKROOT = iphoneos;
				SWIFT_EMIT_LOC_STRINGS = YES;
				SWIFT_VERSION = 5.0;
				TARGETED_DEVICE_FAMILY = "1,2";
				VALIDATE_PRODUCT = YES;
			};
			name = Release;
		};
		545530B528660AFD00BA482D /* Debug */ = {
			isa = XCBuildConfiguration;
			buildSettings = {
				ASSETCATALOG_COMPILER_APPICON_NAME = AppIcon;
				ASSETCATALOG_COMPILER_GLOBAL_ACCENT_COLOR_NAME = AccentColor;
				CODE_SIGN_ENTITLEMENTS = macOS/macOS.entitlements;
				CODE_SIGN_IDENTITY = "-";
				CODE_SIGN_STYLE = Automatic;
				COMBINE_HIDPI_IMAGES = YES;
				CURRENT_PROJECT_VERSION = 1;
				DEAD_CODE_STRIPPING = YES;
				DEVELOPMENT_TEAM = V2CWYL9AN8;
				ENABLE_HARDENED_RUNTIME = YES;
				ENABLE_PREVIEWS = YES;
				GENERATE_INFOPLIST_FILE = YES;
				INFOPLIST_FILE = "macOS/Demo--macOS--Info.plist";
				INFOPLIST_KEY_NSHumanReadableCopyright = "";
				LD_RUNPATH_SEARCH_PATHS = (
					"$(inherited)",
					"@executable_path/../Frameworks",
				);
				MACOSX_DEPLOYMENT_TARGET = 10.15;
				MARKETING_VERSION = 1.0;
				PRODUCT_BUNDLE_IDENTIFIER = com.benkau.SwiftUIBackportsDemo;
				PRODUCT_NAME = BackportsDemo;
				SDKROOT = macosx;
				SWIFT_EMIT_LOC_STRINGS = YES;
				SWIFT_VERSION = 5.0;
			};
			name = Debug;
		};
		545530B628660AFD00BA482D /* Release */ = {
			isa = XCBuildConfiguration;
			buildSettings = {
				ASSETCATALOG_COMPILER_APPICON_NAME = AppIcon;
				ASSETCATALOG_COMPILER_GLOBAL_ACCENT_COLOR_NAME = AccentColor;
				CODE_SIGN_ENTITLEMENTS = macOS/macOS.entitlements;
				CODE_SIGN_IDENTITY = "-";
				CODE_SIGN_STYLE = Automatic;
				COMBINE_HIDPI_IMAGES = YES;
				CURRENT_PROJECT_VERSION = 1;
				DEAD_CODE_STRIPPING = YES;
				DEVELOPMENT_TEAM = V2CWYL9AN8;
				ENABLE_HARDENED_RUNTIME = YES;
				ENABLE_PREVIEWS = YES;
				GENERATE_INFOPLIST_FILE = YES;
				INFOPLIST_FILE = "macOS/Demo--macOS--Info.plist";
				INFOPLIST_KEY_NSHumanReadableCopyright = "";
				LD_RUNPATH_SEARCH_PATHS = (
					"$(inherited)",
					"@executable_path/../Frameworks",
				);
				MACOSX_DEPLOYMENT_TARGET = 10.15;
				MARKETING_VERSION = 1.0;
				PRODUCT_BUNDLE_IDENTIFIER = com.benkau.SwiftUIBackportsDemo;
				PRODUCT_NAME = BackportsDemo;
				SDKROOT = macosx;
				SWIFT_EMIT_LOC_STRINGS = YES;
				SWIFT_VERSION = 5.0;
			};
			name = Release;
		};
/* End XCBuildConfiguration section */

/* Begin XCConfigurationList section */
		5455309728660AFC00BA482D /* Build configuration list for PBXProject "BackportsDemo" */ = {
			isa = XCConfigurationList;
			buildConfigurations = (
				545530AF28660AFD00BA482D /* Debug */,
				545530B028660AFD00BA482D /* Release */,
			);
			defaultConfigurationIsVisible = 0;
			defaultConfigurationName = Release;
		};
		545530B128660AFD00BA482D /* Build configuration list for PBXNativeTarget "Demo (iOS)" */ = {
			isa = XCConfigurationList;
			buildConfigurations = (
				545530B228660AFD00BA482D /* Debug */,
				545530B328660AFD00BA482D /* Release */,
			);
			defaultConfigurationIsVisible = 0;
			defaultConfigurationName = Release;
		};
		545530B428660AFD00BA482D /* Build configuration list for PBXNativeTarget "Demo (macOS)" */ = {
			isa = XCConfigurationList;
			buildConfigurations = (
				545530B528660AFD00BA482D /* Debug */,
				545530B628660AFD00BA482D /* Release */,
			);
			defaultConfigurationIsVisible = 0;
			defaultConfigurationName = Release;
		};
/* End XCConfigurationList section */

/* Begin XCRemoteSwiftPackageReference section */
		5428D14E28667330009AFCD2 /* XCRemoteSwiftPackageReference "swiftuibackports" */ = {
			isa = XCRemoteSwiftPackageReference;
			repositoryURL = "https://github.com/shaps80/swiftuibackports";
			requirement = {
				kind = upToNextMajorVersion;
				minimumVersion = 1.0.0;
			};
		};
/* End XCRemoteSwiftPackageReference section */

/* Begin XCSwiftPackageProductDependency section */
		54AB0543286AF1E900C9FB4A /* SwiftUIBackports */ = {
			isa = XCSwiftPackageProductDependency;
			package = 5428D14E28667330009AFCD2 /* XCRemoteSwiftPackageReference "swiftuibackports" */;
			productName = SwiftUIBackports;
		};
		54AB0545286AF20300C9FB4A /* SwiftUIBackports */ = {
			isa = XCSwiftPackageProductDependency;
			package = 5428D14E28667330009AFCD2 /* XCRemoteSwiftPackageReference "swiftuibackports" */;
			productName = SwiftUIBackports;
		};
/* End XCSwiftPackageProductDependency section */
	};
	rootObject = 5455309428660AFC00BA482D /* Project object */;
}
