{
  "pins" : [
    {
      "identity" : "swiftuibackports",
      "kind" : "remoteSourceControl",
      "location" : "https://github.com/shaps80/swiftuibackports",
      "state" : {
        "revision" : "1319b61ebe33061c69eac340b5d102f29e4e6210",
        "version" : "1.0.2"
      }
    }
  ],
  "version" : 2
}
