{
  "pins" : [
    {
      "identity" : "swiftuibackports",
      "kind" : "remoteSourceControl",
      "location" : "https://github.com/shaps80/swiftuibackports",
      "state" : {
        "revision" : "b55ae87120524c11c32a5cf8f47e09ffb53cef12",
        "version" : "1.0.5"
      }
    }
  ],
  "version" : 2
}
